
Microsoft Visual Studio Solution File, Format Version 12.00
# Visual Studio 15
Project("{FAE04EC0-301F-11D3-BF4B-00C04F79EFBC}") = "Exercise2", "Exercise2\Exercise2.csproj", "{33EE2917-5537-47AC-A484-6A2AD9BB6599}"
EndProject
Global
	GlobalSection(SolutionConfigurationPlatforms) = preSolution
		Debug|Any CPU = Debug|Any CPU
		Release|Any CPU = Release|Any CPU
	EndGlobalSection
	GlobalSection(ProjectConfigurationPlatforms) = postSolution
		{33EE2917-5537-47AC-A484-6A2AD9BB6599}.Debug|Any CPU.ActiveCfg = Debug|Any CPU
		{33EE2917-5537-47AC-A484-6A2AD9BB6599}.Debug|Any CPU.Build.0 = Debug|Any CPU
		{33EE2917-5537-47AC-A484-6A2AD9BB6599}.Release|Any CPU.ActiveCfg = Release|Any CPU
		{33EE2917-5537-47AC-A484-6A2AD9BB6599}.Release|Any CPU.Build.0 = Release|Any CPU
	EndGlobalSection
EndGlobal
